{
  "name": "@2ly/init-keys",
  "version": "1.0.0",
  "lockfileVersion": 3,
  "requires": true,
  "packages": {
    "": {
      "name": "@2ly/init-keys",
      "version": "1.0.0",
      "dependencies": {
        "@nats-io/jwt": "^0.0.11",
        "@nats-io/nkeys": "^2.0.3"
      }
    },
    "node_modules/@nats-io/jwt": {
      "version": "0.0.11",
      "resolved": "https://registry.npmjs.org/@nats-io/jwt/-/jwt-0.0.11.tgz",
      "integrity": "sha512-olBQaTjqKgsalKKWtOA2fzQrFV2aNPKz56oadujZLrT5IsFhWw07OrYS8+XDfgh8bSAXZuMmZEZJ8QxPZwF0tw==",
      "license": "Apache-2.0",
      "dependencies": {
        "@nats-io/nkeys": "2.0.3"
      }
    },
    "node_modules/@nats-io/nkeys": {
      "version": "2.0.3",
      "resolved": "https://registry.npmjs.org/@nats-io/nkeys/-/nkeys-2.0.3.tgz",
      "integrity": "sha512-JVt56GuE6Z89KUkI4TXUbSI9fmIfAmk6PMPknijmuL72GcD+UgIomTcRWiNvvJKxA01sBbmIPStqJs5cMRBC3A==",
      "license": "Apache-2.0",
      "dependencies": {
        "tweetnacl": "^1.0.3"
      },
      "engines": {
        "node": ">=18.0.0"
      }
    },
    "node_modules/tweetnacl": {
      "version": "1.0.3",
      "resolved": "https://registry.npmjs.org/tweetnacl/-/tweetnacl-1.0.3.tgz",
      "integrity": "sha512-6rt+RN7aOi1nGMyC4Xa5DdYiukl2UWCbcJft7YhxReBGQD7OAM8Pbxw6YMo4r2diNEA8FEmu32YOn9rhaiE5yw==",
      "license": "Unlicense"
    }
  }
}
